
Microsoft Visual Studio Solution File, Format Version 12.00
# Visual Studio Version 17
VisualStudioVersion = 17.0.31903.59
MinimumVisualStudioVersion = 10.0.40219.1
Project("{FAE04EC0-301F-11D3-BF4B-00C04F79EFBC}") = "RailcarTrips.Client", "RailcarTrips.Client\RailcarTrips.Client.csproj", "{D7A1C9CD-1513-4B74-AA2A-48ADFC3C8178}"
EndProject
Project("{FAE04EC0-301F-11D3-BF4B-00C04F79EFBC}") = "RailcarTrips.Server", "RailcarTrips.Server\RailcarTrips.Server.csproj", "{275C9DFA-139F-488B-B970-B75F32B78E71}"
EndProject
Project("{FAE04EC0-301F-11D3-BF4B-00C04F79EFBC}") = "RailcarTrips.Shared", "RailcarTrips.Shared\RailcarTrips.Shared.csproj", "{A78789C9-0512-4240-9968-C3F194B4D765}"
EndProject
Project("{FAE04EC0-301F-11D3-BF4B-00C04F79EFBC}") = "RailcarTrips.Server.Tests", "RailcarTrips.Server.Tests\RailcarTrips.Server.Tests.csproj", "{9F39A113-4CAD-490B-9024-2CC576A7EB0D}"
EndProject
Project("{FAE04EC0-301F-11D3-BF4B-00C04F79EFBC}") = "RailcarTrips.Client.Tests", "RailcarTrips.Client.Tests\RailcarTrips.Client.Tests.csproj", "{5868CB57-2ADB-41AC-AED4-B21DBC70C875}"
EndProject
Global
	GlobalSection(SolutionConfigurationPlatforms) = preSolution
		Debug|Any CPU = Debug|Any CPU
		Debug|x64 = Debug|x64
		Debug|x86 = Debug|x86
		Release|Any CPU = Release|Any CPU
		Release|x64 = Release|x64
		Release|x86 = Release|x86
	EndGlobalSection
	GlobalSection(ProjectConfigurationPlatforms) = postSolution
		{D7A1C9CD-1513-4B74-AA2A-48ADFC3C8178}.Debug|Any CPU.ActiveCfg = Debug|Any CPU
		{D7A1C9CD-1513-4B74-AA2A-48ADFC3C8178}.Debug|Any CPU.Build.0 = Debug|Any CPU
		{D7A1C9CD-1513-4B74-AA2A-48ADFC3C8178}.Debug|x64.ActiveCfg = Debug|Any CPU
		{D7A1C9CD-1513-4B74-AA2A-48ADFC3C8178}.Debug|x64.Build.0 = Debug|Any CPU
		{D7A1C9CD-1513-4B74-AA2A-48ADFC3C8178}.Debug|x86.ActiveCfg = Debug|Any CPU
		{D7A1C9CD-1513-4B74-AA2A-48ADFC3C8178}.Debug|x86.Build.0 = Debug|Any CPU
		{D7A1C9CD-1513-4B74-AA2A-48ADFC3C8178}.Release|Any CPU.ActiveCfg = Release|Any CPU
		{D7A1C9CD-1513-4B74-AA2A-48ADFC3C8178}.Release|Any CPU.Build.0 = Release|Any CPU
		{D7A1C9CD-1513-4B74-AA2A-48ADFC3C8178}.Release|x64.ActiveCfg = Release|Any CPU
		{D7A1C9CD-1513-4B74-AA2A-48ADFC3C8178}.Release|x64.Build.0 = Release|Any CPU
		{D7A1C9CD-1513-4B74-AA2A-48ADFC3C8178}.Release|x86.ActiveCfg = Release|Any CPU
		{D7A1C9CD-1513-4B74-AA2A-48ADFC3C8178}.Release|x86.Build.0 = Release|Any CPU
		{275C9DFA-139F-488B-B970-B75F32B78E71}.Debug|Any CPU.ActiveCfg = Debug|Any CPU
		{275C9DFA-139F-488B-B970-B75F32B78E71}.Debug|Any CPU.Build.0 = Debug|Any CPU
		{275C9DFA-139F-488B-B970-B75F32B78E71}.Debug|x64.ActiveCfg = Debug|Any CPU
		{275C9DFA-139F-488B-B970-B75F32B78E71}.Debug|x64.Build.0 = Debug|Any CPU
		{275C9DFA-139F-488B-B970-B75F32B78E71}.Debug|x86.ActiveCfg = Debug|Any CPU
		{275C9DFA-139F-488B-B970-B75F32B78E71}.Debug|x86.Build.0 = Debug|Any CPU
		{275C9DFA-139F-488B-B970-B75F32B78E71}.Release|Any CPU.ActiveCfg = Release|Any CPU
		{275C9DFA-139F-488B-B970-B75F32B78E71}.Release|Any CPU.Build.0 = Release|Any CPU
		{275C9DFA-139F-488B-B970-B75F32B78E71}.Release|x64.ActiveCfg = Release|Any CPU
		{275C9DFA-139F-488B-B970-B75F32B78E71}.Release|x64.Build.0 = Release|Any CPU
		{275C9DFA-139F-488B-B970-B75F32B78E71}.Release|x86.ActiveCfg = Release|Any CPU
		{275C9DFA-139F-488B-B970-B75F32B78E71}.Release|x86.Build.0 = Release|Any CPU
		{A78789C9-0512-4240-9968-C3F194B4D765}.Debug|Any CPU.ActiveCfg = Debug|Any CPU
		{A78789C9-0512-4240-9968-C3F194B4D765}.Debug|Any CPU.Build.0 = Debug|Any CPU
		{A78789C9-0512-4240-9968-C3F194B4D765}.Debug|x64.ActiveCfg = Debug|Any CPU
		{A78789C9-0512-4240-9968-C3F194B4D765}.Debug|x64.Build.0 = Debug|Any CPU
		{A78789C9-0512-4240-9968-C3F194B4D765}.Debug|x86.ActiveCfg = Debug|Any CPU
		{A78789C9-0512-4240-9968-C3F194B4D765}.Debug|x86.Build.0 = Debug|Any CPU
		{A78789C9-0512-4240-9968-C3F194B4D765}.Release|Any CPU.ActiveCfg = Release|Any CPU
		{A78789C9-0512-4240-9968-C3F194B4D765}.Release|Any CPU.Build.0 = Release|Any CPU
		{A78789C9-0512-4240-9968-C3F194B4D765}.Release|x64.ActiveCfg = Release|Any CPU
		{A78789C9-0512-4240-9968-C3F194B4D765}.Release|x64.Build.0 = Release|Any CPU
		{A78789C9-0512-4240-9968-C3F194B4D765}.Release|x86.ActiveCfg = Release|Any CPU
		{A78789C9-0512-4240-9968-C3F194B4D765}.Release|x86.Build.0 = Release|Any CPU
		{9F39A113-4CAD-490B-9024-2CC576A7EB0D}.Debug|Any CPU.ActiveCfg = Debug|Any CPU
		{9F39A113-4CAD-490B-9024-2CC576A7EB0D}.Debug|Any CPU.Build.0 = Debug|Any CPU
		{9F39A113-4CAD-490B-9024-2CC576A7EB0D}.Debug|x64.ActiveCfg = Debug|Any CPU
		{9F39A113-4CAD-490B-9024-2CC576A7EB0D}.Debug|x64.Build.0 = Debug|Any CPU
		{9F39A113-4CAD-490B-9024-2CC576A7EB0D}.Debug|x86.ActiveCfg = Debug|Any CPU
		{9F39A113-4CAD-490B-9024-2CC576A7EB0D}.Debug|x86.Build.0 = Debug|Any CPU
		{9F39A113-4CAD-490B-9024-2CC576A7EB0D}.Release|Any CPU.ActiveCfg = Release|Any CPU
		{9F39A113-4CAD-490B-9024-2CC576A7EB0D}.Release|Any CPU.Build.0 = Release|Any CPU
		{9F39A113-4CAD-490B-9024-2CC576A7EB0D}.Release|x64.ActiveCfg = Release|Any CPU
		{9F39A113-4CAD-490B-9024-2CC576A7EB0D}.Release|x64.Build.0 = Release|Any CPU
		{9F39A113-4CAD-490B-9024-2CC576A7EB0D}.Release|x86.ActiveCfg = Release|Any CPU
		{9F39A113-4CAD-490B-9024-2CC576A7EB0D}.Release|x86.Build.0 = Release|Any CPU
		{5868CB57-2ADB-41AC-AED4-B21DBC70C875}.Debug|Any CPU.ActiveCfg = Debug|Any CPU
		{5868CB57-2ADB-41AC-AED4-B21DBC70C875}.Debug|Any CPU.Build.0 = Debug|Any CPU
		{5868CB57-2ADB-41AC-AED4-B21DBC70C875}.Debug|x64.ActiveCfg = Debug|Any CPU
		{5868CB57-2ADB-41AC-AED4-B21DBC70C875}.Debug|x64.Build.0 = Debug|Any CPU
		{5868CB57-2ADB-41AC-AED4-B21DBC70C875}.Debug|x86.ActiveCfg = Debug|Any CPU
		{5868CB57-2ADB-41AC-AED4-B21DBC70C875}.Debug|x86.Build.0 = Debug|Any CPU
		{5868CB57-2ADB-41AC-AED4-B21DBC70C875}.Release|Any CPU.ActiveCfg = Release|Any CPU
		{5868CB57-2ADB-41AC-AED4-B21DBC70C875}.Release|Any CPU.Build.0 = Release|Any CPU
		{5868CB57-2ADB-41AC-AED4-B21DBC70C875}.Release|x64.ActiveCfg = Release|Any CPU
		{5868CB57-2ADB-41AC-AED4-B21DBC70C875}.Release|x64.Build.0 = Release|Any CPU
		{5868CB57-2ADB-41AC-AED4-B21DBC70C875}.Release|x86.ActiveCfg = Release|Any CPU
		{5868CB57-2ADB-41AC-AED4-B21DBC70C875}.Release|x86.Build.0 = Release|Any CPU
	EndGlobalSection
	GlobalSection(SolutionProperties) = preSolution
		HideSolutionNode = FALSE
	EndGlobalSection
EndGlobal
